
Microsoft Visual Studio Solution File, Format Version 12.00
# Visual Studio Version 17
VisualStudioVersion = 17.14.36401.2
MinimumVisualStudioVersion = 10.0.40219.1
Project("{FAE04EC0-301F-11D3-BF4B-00C04F79EFBC}") = "trabajo integrador", "trabajo integrador\trabajo integrador.csproj", "{0D28C837-2CEB-4EFF-9ED9-E216F24F73BA}"
EndProject
Project("{FAE04EC0-301F-11D3-BF4B-00C04F79EFBC}") = "BE", "BE\BE.csproj", "{59A2C74B-C346-4D5B-B513-F52B5B313A34}"
EndProject
Project("{FAE04EC0-301F-11D3-BF4B-00C04F79EFBC}") = "BLL", "BLL\BLL.csproj", "{A0644B83-E465-4C94-8756-3CA4B6B0EC9A}"
EndProject
Project("{FAE04EC0-301F-11D3-BF4B-00C04F79EFBC}") = "DAL", "DAL\DAL.csproj", "{5D548F81-A42D-42EA-B960-F0C3F97F5BC3}"
EndProject
Project("{FAE04EC0-301F-11D3-BF4B-00C04F79EFBC}") = "SEC", "SEC\SEC.csproj", "{35702D2A-55A5-4FAD-9274-6133D14C8960}"
EndProject
Global
	GlobalSection(SolutionConfigurationPlatforms) = preSolution
		Debug|Any CPU = Debug|Any CPU
		Release|Any CPU = Release|Any CPU
	EndGlobalSection
	GlobalSection(ProjectConfigurationPlatforms) = postSolution
		{0D28C837-2CEB-4EFF-9ED9-E216F24F73BA}.Debug|Any CPU.ActiveCfg = Debug|Any CPU
		{0D28C837-2CEB-4EFF-9ED9-E216F24F73BA}.Debug|Any CPU.Build.0 = Debug|Any CPU
		{0D28C837-2CEB-4EFF-9ED9-E216F24F73BA}.Release|Any CPU.ActiveCfg = Release|Any CPU
		{0D28C837-2CEB-4EFF-9ED9-E216F24F73BA}.Release|Any CPU.Build.0 = Release|Any CPU
		{59A2C74B-C346-4D5B-B513-F52B5B313A34}.Debug|Any CPU.ActiveCfg = Debug|Any CPU
		{59A2C74B-C346-4D5B-B513-F52B5B313A34}.Debug|Any CPU.Build.0 = Debug|Any CPU
		{59A2C74B-C346-4D5B-B513-F52B5B313A34}.Release|Any CPU.ActiveCfg = Release|Any CPU
		{59A2C74B-C346-4D5B-B513-F52B5B313A34}.Release|Any CPU.Build.0 = Release|Any CPU
		{A0644B83-E465-4C94-8756-3CA4B6B0EC9A}.Debug|Any CPU.ActiveCfg = Debug|Any CPU
		{A0644B83-E465-4C94-8756-3CA4B6B0EC9A}.Debug|Any CPU.Build.0 = Debug|Any CPU
		{A0644B83-E465-4C94-8756-3CA4B6B0EC9A}.Release|Any CPU.ActiveCfg = Release|Any CPU
		{A0644B83-E465-4C94-8756-3CA4B6B0EC9A}.Release|Any CPU.Build.0 = Release|Any CPU
		{5D548F81-A42D-42EA-B960-F0C3F97F5BC3}.Debug|Any CPU.ActiveCfg = Debug|Any CPU
		{5D548F81-A42D-42EA-B960-F0C3F97F5BC3}.Debug|Any CPU.Build.0 = Debug|Any CPU
		{5D548F81-A42D-42EA-B960-F0C3F97F5BC3}.Release|Any CPU.ActiveCfg = Release|Any CPU
		{5D548F81-A42D-42EA-B960-F0C3F97F5BC3}.Release|Any CPU.Build.0 = Release|Any CPU
		{35702D2A-55A5-4FAD-9274-6133D14C8960}.Debug|Any CPU.ActiveCfg = Debug|Any CPU
		{35702D2A-55A5-4FAD-9274-6133D14C8960}.Debug|Any CPU.Build.0 = Debug|Any CPU
		{35702D2A-55A5-4FAD-9274-6133D14C8960}.Release|Any CPU.ActiveCfg = Release|Any CPU
		{35702D2A-55A5-4FAD-9274-6133D14C8960}.Release|Any CPU.Build.0 = Release|Any CPU
	EndGlobalSection
	GlobalSection(SolutionProperties) = preSolution
		HideSolutionNode = FALSE
	EndGlobalSection
	GlobalSection(ExtensibilityGlobals) = postSolution
		SolutionGuid = {64BB6993-08BB-4B43-B356-97EE2AD87E18}
	EndGlobalSection
EndGlobal
